
Microsoft Visual Studio Solution File, Format Version 12.00
# Visual Studio Version 17
VisualStudioVersion = 17.4.33122.133
MinimumVisualStudioVersion = 10.0.40219.1
Project("{9A19103F-16F7-4668-BE54-9A1E7A4F7556}") = "KingOfTokio", "KingOfTokio.csproj", "{91E66B9F-51D9-4199-BDC0-51008C050E4F}"
EndProject
Global
	GlobalSection(SolutionConfigurationPlatforms) = preSolution
		Debug|Any CPU = Debug|Any CPU
		Release|Any CPU = Release|Any CPU
	EndGlobalSection
	GlobalSection(ProjectConfigurationPlatforms) = postSolution
		{91E66B9F-51D9-4199-BDC0-51008C050E4F}.Debug|Any CPU.ActiveCfg = Debug|Any CPU
		{91E66B9F-51D9-4199-BDC0-51008C050E4F}.Debug|Any CPU.Build.0 = Debug|Any CPU
		{91E66B9F-51D9-4199-BDC0-51008C050E4F}.Release|Any CPU.ActiveCfg = Release|Any CPU
		{91E66B9F-51D9-4199-BDC0-51008C050E4F}.Release|Any CPU.Build.0 = Release|Any CPU
	EndGlobalSection
	GlobalSection(SolutionProperties) = preSolution
		HideSolutionNode = FALSE
	EndGlobalSection
	GlobalSection(ExtensibilityGlobals) = postSolution
		SolutionGuid = {DB374436-B133-47C6-B9D7-027934115A71}
	EndGlobalSection
EndGlobal
