
Microsoft Visual Studio Solution File, Format Version 12.00
# Visual Studio Version 17
VisualStudioVersion = 17.3.32929.385
MinimumVisualStudioVersion = 10.0.40219.1
Project("{FAE04EC0-301F-11D3-BF4B-00C04F79EFBC}") = "KingOfTokio", "KingOfTokio\KingOfTokio.csproj", "{FEEF405D-901F-4AE3-A3E9-177E57707D7D}"
EndProject
Global
	GlobalSection(SolutionConfigurationPlatforms) = preSolution
		Debug|Any CPU = Debug|Any CPU
		Release|Any CPU = Release|Any CPU
	EndGlobalSection
	GlobalSection(ProjectConfigurationPlatforms) = postSolution
		{FEEF405D-901F-4AE3-A3E9-177E57707D7D}.Debug|Any CPU.ActiveCfg = Debug|Any CPU
		{FEEF405D-901F-4AE3-A3E9-177E57707D7D}.Debug|Any CPU.Build.0 = Debug|Any CPU
		{FEEF405D-901F-4AE3-A3E9-177E57707D7D}.Release|Any CPU.ActiveCfg = Release|Any CPU
		{FEEF405D-901F-4AE3-A3E9-177E57707D7D}.Release|Any CPU.Build.0 = Release|Any CPU
	EndGlobalSection
	GlobalSection(SolutionProperties) = preSolution
		HideSolutionNode = FALSE
	EndGlobalSection
	GlobalSection(ExtensibilityGlobals) = postSolution
		SolutionGuid = {B2AB5D13-3311-48DD-889C-6794B540EC6B}
	EndGlobalSection
EndGlobal
